{
	"name": "@cgamesplay/agent-browser",
	"lockfileVersion": 3,
	"requires": true,
	"packages": {
		"": {
			"name": "@cgamesplay/agent-browser",
			"dependencies": {
				"agent-browser": "^0.37.0"
			}
		},
		"node_modules/agent-browser": {
			"version": "0.37.1",
			"resolved": "https://registry.npmjs.org/agent-browser/-/agent-browser-0.37.1.tgz",
			"integrity": "sha512-NDojTSXrIq7zS090T0VwI1uzBryZWvewgxXvS0swj8/5GGnziBZLmyhEkfETO8n4n3DsJpZbZkq9F/MV2rIQKw==",
			"hasInstallScript": true,
			"license": "Apache-2.0",
			"bin": {
				"agent-browser": "bin/agent-browser.js"
			},
			"engines": {
				"node": ">=24.0.0",
				"pnpm": ">=11.0.0"
			}
		}
	}
}
